
Microsoft Visual Studio Solution File, Format Version 12.00
# Visual Studio Version 16
VisualStudioVersion = 16.0.29613.14
MinimumVisualStudioVersion = 10.0.40219.1
Project("{FAE04EC0-301F-11D3-BF4B-00C04F79EFBC}") = "CameraFilterAPI", "CameraFilterAPI\CameraFilterAPI.csproj", "{242B60F5-6BF3-43EE-92EC-7DDDD01D833B}"
EndProject
Global
	GlobalSection(SolutionConfigurationPlatforms) = preSolution
		Debug|Any CPU = Debug|Any CPU
		Release|Any CPU = Release|Any CPU
	EndGlobalSection
	GlobalSection(ProjectConfigurationPlatforms) = postSolution
		{242B60F5-6BF3-43EE-92EC-7DDDD01D833B}.Debug|Any CPU.ActiveCfg = Debug|Any CPU
		{242B60F5-6BF3-43EE-92EC-7DDDD01D833B}.Debug|Any CPU.Build.0 = Debug|Any CPU
		{242B60F5-6BF3-43EE-92EC-7DDDD01D833B}.Release|Any CPU.ActiveCfg = Release|Any CPU
		{242B60F5-6BF3-43EE-92EC-7DDDD01D833B}.Release|Any CPU.Build.0 = Release|Any CPU
	EndGlobalSection
	GlobalSection(SolutionProperties) = preSolution
		HideSolutionNode = FALSE
	EndGlobalSection
	GlobalSection(ExtensibilityGlobals) = postSolution
		SolutionGuid = {E38F230B-7170-4CB8-8851-95BF86285780}
	EndGlobalSection
EndGlobal
